
Microsoft Visual Studio Solution File, Format Version 12.00
# Visual Studio Version 16
VisualStudioVersion = 16.0.32929.386
MinimumVisualStudioVersion = 10.0.40219.1
Project("{FAE04EC0-301F-11D3-BF4B-00C04F79EFBC}") = "01-01-clase-constructor-metodo", "01-01-clase-constructor-metodo\01-01-clase-constructor-metodo.csproj", "{3C77EF2D-C239-41D6-AD4C-28F589F26754}"
EndProject
Project("{FAE04EC0-301F-11D3-BF4B-00C04F79EFBC}") = "01-02-encapsulamiento", "01-02-encapsulamiento\01-02-encapsulamiento.csproj", "{42108D8B-A848-42DC-8AA5-178644C432EC}"
EndProject
Project("{FAE04EC0-301F-11D3-BF4B-00C04F79EFBC}") = "01-03-objeto", "01-03-objeto\01-03-objeto.csproj", "{5794D6B1-1150-4CD2-ACB2-F592655B2316}"
EndProject
Project("{FAE04EC0-301F-11D3-BF4B-00C04F79EFBC}") = "01-04-metodo_privado-y-sobrecarga", "01-04-metodo_privado-y-sobrecarga\01-04-metodo_privado-y-sobrecarga.csproj", "{489BB50B-4F81-4682-8AC5-7B1C992326E0}"
EndProject
Project("{FAE04EC0-301F-11D3-BF4B-00C04F79EFBC}") = "01-05-clases-abstractas_y_metodos_abstractos_e_interfaces", "01-05-clases-abstractas_y_metodos_abstractos_e_interfaces\01-05-clases-abstractas_y_metodos_abstractos_e_interfaces.csproj", "{5F107E2F-5444-4D25-9834-3DCCEFFE135F}"
EndProject
Project("{FAE04EC0-301F-11D3-BF4B-00C04F79EFBC}") = "01-06-Static_brebe_explicacion_ambito", "01-06-Static_brebe_explicacion_ambito\01-06-Static_brebe_explicacion_ambito.csproj", "{4C2B8C9F-9B52-44E9-8C9F-B18D5A8DFD1F}"
EndProject
Project("{FAE04EC0-301F-11D3-BF4B-00C04F79EFBC}") = "01-07-delegados_static", "01-07-delegados_static\01-07-delegados_static.csproj", "{ED424310-B19E-4132-9D2B-6BCC214F99D7}"
EndProject
Project("{FAE04EC0-301F-11D3-BF4B-00C04F79EFBC}") = "01-08-Delegados_handlers", "01-08-Delegados_handlers\01-08-Delegados_handlers.csproj", "{A24ECF6B-D4F4-44C6-8754-FA4EE7EF4D52}"
EndProject
Project("{FAE04EC0-301F-11D3-BF4B-00C04F79EFBC}") = "01-09-Delegados_multiples-handlers", "01-09-Delegados_multiples-handlers\01-09-Delegados_multiples-handlers.csproj", "{FB01903A-13BC-4D64-AC02-E5B6532649E7}"
EndProject
Project("{FAE04EC0-301F-11D3-BF4B-00C04F79EFBC}") = "01-10-Indexer", "01-10-Indexer\01-10-Indexer.csproj", "{E3228BC8-D800-4D2F-8D1B-AC1EC2C1F751}"
EndProject
Project("{FAE04EC0-301F-11D3-BF4B-00C04F79EFBC}") = "01-11-Sobrecarga_Operadores_Binarios", "01-11-Sobrecarga_Operadores_Binarios\01-11-Sobrecarga_Operadores_Binarios.csproj", "{833C48A6-1769-4B35-80F5-73FF65B20EF5}"
EndProject
Project("{FAE04EC0-301F-11D3-BF4B-00C04F79EFBC}") = "01-12-sobrecarga_operadores_Unuarios_e_Igualdad", "01-12-sobrecarga_operadores_Unuarios_e_Igualdad\01-12-sobrecarga_operadores_Unuarios_e_Igualdad.csproj", "{A974F83E-13B4-41B3-AA2D-208803CC381D}"
EndProject
Global
	GlobalSection(SolutionConfigurationPlatforms) = preSolution
		Debug|Any CPU = Debug|Any CPU
		Release|Any CPU = Release|Any CPU
	EndGlobalSection
	GlobalSection(ProjectConfigurationPlatforms) = postSolution
		{3C77EF2D-C239-41D6-AD4C-28F589F26754}.Debug|Any CPU.ActiveCfg = Debug|Any CPU
		{3C77EF2D-C239-41D6-AD4C-28F589F26754}.Debug|Any CPU.Build.0 = Debug|Any CPU
		{3C77EF2D-C239-41D6-AD4C-28F589F26754}.Release|Any CPU.ActiveCfg = Release|Any CPU
		{3C77EF2D-C239-41D6-AD4C-28F589F26754}.Release|Any CPU.Build.0 = Release|Any CPU
		{42108D8B-A848-42DC-8AA5-178644C432EC}.Debug|Any CPU.ActiveCfg = Debug|Any CPU
		{42108D8B-A848-42DC-8AA5-178644C432EC}.Debug|Any CPU.Build.0 = Debug|Any CPU
		{42108D8B-A848-42DC-8AA5-178644C432EC}.Release|Any CPU.ActiveCfg = Release|Any CPU
		{42108D8B-A848-42DC-8AA5-178644C432EC}.Release|Any CPU.Build.0 = Release|Any CPU
		{5794D6B1-1150-4CD2-ACB2-F592655B2316}.Debug|Any CPU.ActiveCfg = Debug|Any CPU
		{5794D6B1-1150-4CD2-ACB2-F592655B2316}.Debug|Any CPU.Build.0 = Debug|Any CPU
		{5794D6B1-1150-4CD2-ACB2-F592655B2316}.Release|Any CPU.ActiveCfg = Release|Any CPU
		{5794D6B1-1150-4CD2-ACB2-F592655B2316}.Release|Any CPU.Build.0 = Release|Any CPU
		{489BB50B-4F81-4682-8AC5-7B1C992326E0}.Debug|Any CPU.ActiveCfg = Debug|Any CPU
		{489BB50B-4F81-4682-8AC5-7B1C992326E0}.Debug|Any CPU.Build.0 = Debug|Any CPU
		{489BB50B-4F81-4682-8AC5-7B1C992326E0}.Release|Any CPU.ActiveCfg = Release|Any CPU
		{489BB50B-4F81-4682-8AC5-7B1C992326E0}.Release|Any CPU.Build.0 = Release|Any CPU
		{5F107E2F-5444-4D25-9834-3DCCEFFE135F}.Debug|Any CPU.ActiveCfg = Debug|Any CPU
		{5F107E2F-5444-4D25-9834-3DCCEFFE135F}.Debug|Any CPU.Build.0 = Debug|Any CPU
		{5F107E2F-5444-4D25-9834-3DCCEFFE135F}.Release|Any CPU.ActiveCfg = Release|Any CPU
		{5F107E2F-5444-4D25-9834-3DCCEFFE135F}.Release|Any CPU.Build.0 = Release|Any CPU
		{4C2B8C9F-9B52-44E9-8C9F-B18D5A8DFD1F}.Debug|Any CPU.ActiveCfg = Debug|Any CPU
		{4C2B8C9F-9B52-44E9-8C9F-B18D5A8DFD1F}.Debug|Any CPU.Build.0 = Debug|Any CPU
		{4C2B8C9F-9B52-44E9-8C9F-B18D5A8DFD1F}.Release|Any CPU.ActiveCfg = Release|Any CPU
		{4C2B8C9F-9B52-44E9-8C9F-B18D5A8DFD1F}.Release|Any CPU.Build.0 = Release|Any CPU
		{ED424310-B19E-4132-9D2B-6BCC214F99D7}.Debug|Any CPU.ActiveCfg = Debug|Any CPU
		{ED424310-B19E-4132-9D2B-6BCC214F99D7}.Debug|Any CPU.Build.0 = Debug|Any CPU
		{ED424310-B19E-4132-9D2B-6BCC214F99D7}.Release|Any CPU.ActiveCfg = Release|Any CPU
		{ED424310-B19E-4132-9D2B-6BCC214F99D7}.Release|Any CPU.Build.0 = Release|Any CPU
		{A24ECF6B-D4F4-44C6-8754-FA4EE7EF4D52}.Debug|Any CPU.ActiveCfg = Debug|Any CPU
		{A24ECF6B-D4F4-44C6-8754-FA4EE7EF4D52}.Debug|Any CPU.Build.0 = Debug|Any CPU
		{A24ECF6B-D4F4-44C6-8754-FA4EE7EF4D52}.Release|Any CPU.ActiveCfg = Release|Any CPU
		{A24ECF6B-D4F4-44C6-8754-FA4EE7EF4D52}.Release|Any CPU.Build.0 = Release|Any CPU
		{FB01903A-13BC-4D64-AC02-E5B6532649E7}.Debug|Any CPU.ActiveCfg = Debug|Any CPU
		{FB01903A-13BC-4D64-AC02-E5B6532649E7}.Debug|Any CPU.Build.0 = Debug|Any CPU
		{FB01903A-13BC-4D64-AC02-E5B6532649E7}.Release|Any CPU.ActiveCfg = Release|Any CPU
		{FB01903A-13BC-4D64-AC02-E5B6532649E7}.Release|Any CPU.Build.0 = Release|Any CPU
		{E3228BC8-D800-4D2F-8D1B-AC1EC2C1F751}.Debug|Any CPU.ActiveCfg = Debug|Any CPU
		{E3228BC8-D800-4D2F-8D1B-AC1EC2C1F751}.Debug|Any CPU.Build.0 = Debug|Any CPU
		{E3228BC8-D800-4D2F-8D1B-AC1EC2C1F751}.Release|Any CPU.ActiveCfg = Release|Any CPU
		{E3228BC8-D800-4D2F-8D1B-AC1EC2C1F751}.Release|Any CPU.Build.0 = Release|Any CPU
		{833C48A6-1769-4B35-80F5-73FF65B20EF5}.Debug|Any CPU.ActiveCfg = Debug|Any CPU
		{833C48A6-1769-4B35-80F5-73FF65B20EF5}.Debug|Any CPU.Build.0 = Debug|Any CPU
		{833C48A6-1769-4B35-80F5-73FF65B20EF5}.Release|Any CPU.ActiveCfg = Release|Any CPU
		{833C48A6-1769-4B35-80F5-73FF65B20EF5}.Release|Any CPU.Build.0 = Release|Any CPU
		{A974F83E-13B4-41B3-AA2D-208803CC381D}.Debug|Any CPU.ActiveCfg = Debug|Any CPU
		{A974F83E-13B4-41B3-AA2D-208803CC381D}.Debug|Any CPU.Build.0 = Debug|Any CPU
		{A974F83E-13B4-41B3-AA2D-208803CC381D}.Release|Any CPU.ActiveCfg = Release|Any CPU
		{A974F83E-13B4-41B3-AA2D-208803CC381D}.Release|Any CPU.Build.0 = Release|Any CPU
	EndGlobalSection
	GlobalSection(SolutionProperties) = preSolution
		HideSolutionNode = FALSE
	EndGlobalSection
	GlobalSection(ExtensibilityGlobals) = postSolution
		SolutionGuid = {140F2993-1422-4A41-A67C-BC735A351AE5}
	EndGlobalSection
EndGlobal
