
Microsoft Visual Studio Solution File, Format Version 12.00
# Visual Studio Version 16
VisualStudioVersion = 16.0.32929.386
MinimumVisualStudioVersion = 10.0.40219.1
Project("{FAE04EC0-301F-11D3-BF4B-00C04F79EFBC}") = "01-01-clase-constructor-metodo", "01-01-clase-constructor-metodo\01-01-clase-constructor-metodo.csproj", "{3C77EF2D-C239-41D6-AD4C-28F589F26754}"
EndProject
Project("{FAE04EC0-301F-11D3-BF4B-00C04F79EFBC}") = "01-02-encapsulamiento", "01-02-encapsulamiento\01-02-encapsulamiento.csproj", "{42108D8B-A848-42DC-8AA5-178644C432EC}"
EndProject
Project("{FAE04EC0-301F-11D3-BF4B-00C04F79EFBC}") = "01-03-objeto", "01-03-objeto\01-03-objeto.csproj", "{5794D6B1-1150-4CD2-ACB2-F592655B2316}"
EndProject
Project("{FAE04EC0-301F-11D3-BF4B-00C04F79EFBC}") = "01-04-metodo_privado-y-sobrecarga", "01-04-metodo_privado-y-sobrecarga\01-04-metodo_privado-y-sobrecarga.csproj", "{489BB50B-4F81-4682-8AC5-7B1C992326E0}"
EndProject
Project("{FAE04EC0-301F-11D3-BF4B-00C04F79EFBC}") = "01-05-clases-abstractas_y_metodos_abstractos_e_interfaces", "01-05-clases-abstractas_y_metodos_abstractos_e_interfaces\01-05-clases-abstractas_y_metodos_abstractos_e_interfaces.csproj", "{5F107E2F-5444-4D25-9834-3DCCEFFE135F}"
EndProject
Project("{FAE04EC0-301F-11D3-BF4B-00C04F79EFBC}") = "01-06-Static_brebe_explicacion_ambito", "01-06-Static_brebe_explicacion_ambito\01-06-Static_brebe_explicacion_ambito.csproj", "{4C2B8C9F-9B52-44E9-8C9F-B18D5A8DFD1F}"
EndProject
Global
	GlobalSection(SolutionConfigurationPlatforms) = preSolution
		Debug|Any CPU = Debug|Any CPU
		Release|Any CPU = Release|Any CPU
	EndGlobalSection
	GlobalSection(ProjectConfigurationPlatforms) = postSolution
		{3C77EF2D-C239-41D6-AD4C-28F589F26754}.Debug|Any CPU.ActiveCfg = Debug|Any CPU
		{3C77EF2D-C239-41D6-AD4C-28F589F26754}.Debug|Any CPU.Build.0 = Debug|Any CPU
		{3C77EF2D-C239-41D6-AD4C-28F589F26754}.Release|Any CPU.ActiveCfg = Release|Any CPU
		{3C77EF2D-C239-41D6-AD4C-28F589F26754}.Release|Any CPU.Build.0 = Release|Any CPU
		{42108D8B-A848-42DC-8AA5-178644C432EC}.Debug|Any CPU.ActiveCfg = Debug|Any CPU
		{42108D8B-A848-42DC-8AA5-178644C432EC}.Debug|Any CPU.Build.0 = Debug|Any CPU
		{42108D8B-A848-42DC-8AA5-178644C432EC}.Release|Any CPU.ActiveCfg = Release|Any CPU
		{42108D8B-A848-42DC-8AA5-178644C432EC}.Release|Any CPU.Build.0 = Release|Any CPU
		{5794D6B1-1150-4CD2-ACB2-F592655B2316}.Debug|Any CPU.ActiveCfg = Debug|Any CPU
		{5794D6B1-1150-4CD2-ACB2-F592655B2316}.Debug|Any CPU.Build.0 = Debug|Any CPU
		{5794D6B1-1150-4CD2-ACB2-F592655B2316}.Release|Any CPU.ActiveCfg = Release|Any CPU
		{5794D6B1-1150-4CD2-ACB2-F592655B2316}.Release|Any CPU.Build.0 = Release|Any CPU
		{489BB50B-4F81-4682-8AC5-7B1C992326E0}.Debug|Any CPU.ActiveCfg = Debug|Any CPU
		{489BB50B-4F81-4682-8AC5-7B1C992326E0}.Debug|Any CPU.Build.0 = Debug|Any CPU
		{489BB50B-4F81-4682-8AC5-7B1C992326E0}.Release|Any CPU.ActiveCfg = Release|Any CPU
		{489BB50B-4F81-4682-8AC5-7B1C992326E0}.Release|Any CPU.Build.0 = Release|Any CPU
		{5F107E2F-5444-4D25-9834-3DCCEFFE135F}.Debug|Any CPU.ActiveCfg = Debug|Any CPU
		{5F107E2F-5444-4D25-9834-3DCCEFFE135F}.Debug|Any CPU.Build.0 = Debug|Any CPU
		{5F107E2F-5444-4D25-9834-3DCCEFFE135F}.Release|Any CPU.ActiveCfg = Release|Any CPU
		{5F107E2F-5444-4D25-9834-3DCCEFFE135F}.Release|Any CPU.Build.0 = Release|Any CPU
		{4C2B8C9F-9B52-44E9-8C9F-B18D5A8DFD1F}.Debug|Any CPU.ActiveCfg = Debug|Any CPU
		{4C2B8C9F-9B52-44E9-8C9F-B18D5A8DFD1F}.Debug|Any CPU.Build.0 = Debug|Any CPU
		{4C2B8C9F-9B52-44E9-8C9F-B18D5A8DFD1F}.Release|Any CPU.ActiveCfg = Release|Any CPU
		{4C2B8C9F-9B52-44E9-8C9F-B18D5A8DFD1F}.Release|Any CPU.Build.0 = Release|Any CPU
	EndGlobalSection
	GlobalSection(SolutionProperties) = preSolution
		HideSolutionNode = FALSE
	EndGlobalSection
	GlobalSection(ExtensibilityGlobals) = postSolution
		SolutionGuid = {140F2993-1422-4A41-A67C-BC735A351AE5}
	EndGlobalSection
EndGlobal
